
Microsoft Visual Studio Solution File, Format Version 12.00
# Visual Studio Version 17
VisualStudioVersion = 17.0.31903.59
MinimumVisualStudioVersion = 10.0.40219.1
Project("{2150E333-8FDC-42A3-9474-1A3956D46DE8}") = "src", "src", "{827E0CD3-B72D-47B6-A68D-7590B98EB39B}"
EndProject
Project("{FAE04EC0-301F-11D3-BF4B-00C04F79EFBC}") = "DbScrub.Core", "src\DbScrub.Core\DbScrub.Core.csproj", "{A612E019-DD79-461E-B420-2E0DB6DA218F}"
EndProject
Project("{FAE04EC0-301F-11D3-BF4B-00C04F79EFBC}") = "DbScrub.Cli", "src\DbScrub.Cli\DbScrub.Cli.csproj", "{E0B2D336-7DD0-440A-946D-7A91A70144BB}"
EndProject
Project("{2150E333-8FDC-42A3-9474-1A3956D46DE8}") = "tests", "tests", "{0AB3BF05-4346-4AA6-1389-037BE0695223}"
EndProject
Project("{FAE04EC0-301F-11D3-BF4B-00C04F79EFBC}") = "DbScrub.Tests", "tests\DbScrub.Tests\DbScrub.Tests.csproj", "{3A66FDEA-E7C2-487B-A53D-F3B1C3F00E79}"
EndProject
Project("{2150E333-8FDC-42A3-9474-1A3956D46DE8}") = "config", "config", "{AB0A2377-81EC-4E18-A541-F87082B939A1}"
	ProjectSection(SolutionItems) = preProject
		config\masking.sample.json = config\masking.sample.json
		config\dbscrubtest.masking.json = config\dbscrubtest.masking.json
	EndProjectSection
EndProject
Project("{2150E333-8FDC-42A3-9474-1A3956D46DE8}") = "docs", "docs", "{78CD1A6E-8455-4E05-85BF-2474B4A86DF2}"
	ProjectSection(SolutionItems) = preProject
		docs\SPEC.md = docs\SPEC.md
		docs\DECISIONS.md = docs\DECISIONS.md
		docs\HANDOFF.md = docs\HANDOFF.md
	EndProjectSection
EndProject
Project("{2150E333-8FDC-42A3-9474-1A3956D46DE8}") = "scripts", "scripts", "{C8BD2E10-2BC3-4FD7-804B-7C5B7491D4D5}"
	ProjectSection(SolutionItems) = preProject
		scripts\create-test-db.sql = scripts\create-test-db.sql
		scripts\refresh-local.sample.ps1 = scripts\refresh-local.sample.ps1
	EndProjectSection
EndProject
Project("{2150E333-8FDC-42A3-9474-1A3956D46DE8}") = "Solution Items", "Solution Items", "{BDFF9660-1A88-498F-A246-B5155C0B725F}"
	ProjectSection(SolutionItems) = preProject
		README.md = README.md
		CLAUDE.md = CLAUDE.md
		PROMPT.md = PROMPT.md
		Directory.Build.props = Directory.Build.props
		Directory.Packages.props = Directory.Packages.props
		.editorconfig = .editorconfig
		.gitattributes = .gitattributes
		.gitignore = .gitignore
	EndProjectSection
EndProject
Global
	GlobalSection(SolutionConfigurationPlatforms) = preSolution
		Debug|Any CPU = Debug|Any CPU
		Debug|x64 = Debug|x64
		Debug|x86 = Debug|x86
		Release|Any CPU = Release|Any CPU
		Release|x64 = Release|x64
		Release|x86 = Release|x86
	EndGlobalSection
	GlobalSection(ProjectConfigurationPlatforms) = postSolution
		{A612E019-DD79-461E-B420-2E0DB6DA218F}.Debug|Any CPU.ActiveCfg = Debug|Any CPU
		{A612E019-DD79-461E-B420-2E0DB6DA218F}.Debug|Any CPU.Build.0 = Debug|Any CPU
		{A612E019-DD79-461E-B420-2E0DB6DA218F}.Debug|x64.ActiveCfg = Debug|Any CPU
		{A612E019-DD79-461E-B420-2E0DB6DA218F}.Debug|x64.Build.0 = Debug|Any CPU
		{A612E019-DD79-461E-B420-2E0DB6DA218F}.Debug|x86.ActiveCfg = Debug|Any CPU
		{A612E019-DD79-461E-B420-2E0DB6DA218F}.Debug|x86.Build.0 = Debug|Any CPU
		{A612E019-DD79-461E-B420-2E0DB6DA218F}.Release|Any CPU.ActiveCfg = Release|Any CPU
		{A612E019-DD79-461E-B420-2E0DB6DA218F}.Release|Any CPU.Build.0 = Release|Any CPU
		{A612E019-DD79-461E-B420-2E0DB6DA218F}.Release|x64.ActiveCfg = Release|Any CPU
		{A612E019-DD79-461E-B420-2E0DB6DA218F}.Release|x64.Build.0 = Release|Any CPU
		{A612E019-DD79-461E-B420-2E0DB6DA218F}.Release|x86.ActiveCfg = Release|Any CPU
		{A612E019-DD79-461E-B420-2E0DB6DA218F}.Release|x86.Build.0 = Release|Any CPU
		{E0B2D336-7DD0-440A-946D-7A91A70144BB}.Debug|Any CPU.ActiveCfg = Debug|Any CPU
		{E0B2D336-7DD0-440A-946D-7A91A70144BB}.Debug|Any CPU.Build.0 = Debug|Any CPU
		{E0B2D336-7DD0-440A-946D-7A91A70144BB}.Debug|x64.ActiveCfg = Debug|Any CPU
		{E0B2D336-7DD0-440A-946D-7A91A70144BB}.Debug|x64.Build.0 = Debug|Any CPU
		{E0B2D336-7DD0-440A-946D-7A91A70144BB}.Debug|x86.ActiveCfg = Debug|Any CPU
		{E0B2D336-7DD0-440A-946D-7A91A70144BB}.Debug|x86.Build.0 = Debug|Any CPU
		{E0B2D336-7DD0-440A-946D-7A91A70144BB}.Release|Any CPU.ActiveCfg = Release|Any CPU
		{E0B2D336-7DD0-440A-946D-7A91A70144BB}.Release|Any CPU.Build.0 = Release|Any CPU
		{E0B2D336-7DD0-440A-946D-7A91A70144BB}.Release|x64.ActiveCfg = Release|Any CPU
		{E0B2D336-7DD0-440A-946D-7A91A70144BB}.Release|x64.Build.0 = Release|Any CPU
		{E0B2D336-7DD0-440A-946D-7A91A70144BB}.Release|x86.ActiveCfg = Release|Any CPU
		{E0B2D336-7DD0-440A-946D-7A91A70144BB}.Release|x86.Build.0 = Release|Any CPU
		{3A66FDEA-E7C2-487B-A53D-F3B1C3F00E79}.Debug|Any CPU.ActiveCfg = Debug|Any CPU
		{3A66FDEA-E7C2-487B-A53D-F3B1C3F00E79}.Debug|Any CPU.Build.0 = Debug|Any CPU
		{3A66FDEA-E7C2-487B-A53D-F3B1C3F00E79}.Debug|x64.ActiveCfg = Debug|Any CPU
		{3A66FDEA-E7C2-487B-A53D-F3B1C3F00E79}.Debug|x64.Build.0 = Debug|Any CPU
		{3A66FDEA-E7C2-487B-A53D-F3B1C3F00E79}.Debug|x86.ActiveCfg = Debug|Any CPU
		{3A66FDEA-E7C2-487B-A53D-F3B1C3F00E79}.Debug|x86.Build.0 = Debug|Any CPU
		{3A66FDEA-E7C2-487B-A53D-F3B1C3F00E79}.Release|Any CPU.ActiveCfg = Release|Any CPU
		{3A66FDEA-E7C2-487B-A53D-F3B1C3F00E79}.Release|Any CPU.Build.0 = Release|Any CPU
		{3A66FDEA-E7C2-487B-A53D-F3B1C3F00E79}.Release|x64.ActiveCfg = Release|Any CPU
		{3A66FDEA-E7C2-487B-A53D-F3B1C3F00E79}.Release|x64.Build.0 = Release|Any CPU
		{3A66FDEA-E7C2-487B-A53D-F3B1C3F00E79}.Release|x86.ActiveCfg = Release|Any CPU
		{3A66FDEA-E7C2-487B-A53D-F3B1C3F00E79}.Release|x86.Build.0 = Release|Any CPU
	EndGlobalSection
	GlobalSection(SolutionProperties) = preSolution
		HideSolutionNode = FALSE
	EndGlobalSection
	GlobalSection(NestedProjects) = preSolution
		{A612E019-DD79-461E-B420-2E0DB6DA218F} = {827E0CD3-B72D-47B6-A68D-7590B98EB39B}
		{E0B2D336-7DD0-440A-946D-7A91A70144BB} = {827E0CD3-B72D-47B6-A68D-7590B98EB39B}
		{3A66FDEA-E7C2-487B-A53D-F3B1C3F00E79} = {0AB3BF05-4346-4AA6-1389-037BE0695223}
	EndGlobalSection
EndGlobal
